// !$*UTF8*$!
{
	archiveVersion = 1;
	classes = {
	};
	objectVersion = 50;
	objects = {

/* Begin PBXBuildFile section */
		CA02984120ED1CEB00973285 /* Default-568h@2x.png in Resources */ = {isa = PBXBuildFile; fileRef = CA02984020ED1CEB00973285 /* Default-568h@2x.png */; };
		CA02984320F0127200973285 /* DocumentInfoViewController.swift in Sources */ = {isa = PBXBuildFile; fileRef = CA02984220F0127200973285 /* DocumentInfoViewController.swift */; };
		CA7D126820E389290089869E /* AppDelegate.swift in Sources */ = {isa = PBXBuildFile; fileRef = CA7D126720E389290089869E /* AppDelegate.swift */; };
		CA7D126A20E389290089869E /* DocumentBrowserViewController.swift in Sources */ = {isa = PBXBuildFile; fileRef = CA7D126920E389290089869E /* DocumentBrowserViewController.swift */; };
		CA7D126E20E389290089869E /* EmojiArtDocument.swift in Sources */ = {isa = PBXBuildFile; fileRef = CA7D126D20E389290089869E /* EmojiArtDocument.swift */; };
		CA7D127120E389290089869E /* Main.storyboard in Resources */ = {isa = PBXBuildFile; fileRef = CA7D126F20E389290089869E /* Main.storyboard */; };
		CA7D127320E3892A0089869E /* Assets.xcassets in Resources */ = {isa = PBXBuildFile; fileRef = CA7D127220E3892A0089869E /* Assets.xcassets */; };
		CA7D127620E3892A0089869E /* LaunchScreen.storyboard in Resources */ = {isa = PBXBuildFile; fileRef = CA7D127420E3892A0089869E /* LaunchScreen.storyboard */; };
		CA7D128520E38ECA0089869E /* EmojiArtView.swift in Sources */ = {isa = PBXBuildFile; fileRef = CA7D127E20E38EC90089869E /* EmojiArtView.swift */; };
		CA7D128620E38ECA0089869E /* TextFieldCollectionViewCell.swift in Sources */ = {isa = PBXBuildFile; fileRef = CA7D127F20E38EC90089869E /* TextFieldCollectionViewCell.swift */; };
		CA7D128720E38ECA0089869E /* Utilities.swift in Sources */ = {isa = PBXBuildFile; fileRef = CA7D128020E38EC90089869E /* Utilities.swift */; };
		CA7D128820E38ECA0089869E /* EmojiArtViewController.swift in Sources */ = {isa = PBXBuildFile; fileRef = CA7D128120E38EC90089869E /* EmojiArtViewController.swift */; };
		CA7D128920E38ECA0089869E /* EmojiCollectionViewCell.swift in Sources */ = {isa = PBXBuildFile; fileRef = CA7D128220E38EC90089869E /* EmojiCollectionViewCell.swift */; };
		CA7D128A20E38ECA0089869E /* EmojiArtView+Gestures.swift in Sources */ = {isa = PBXBuildFile; fileRef = CA7D128320E38EC90089869E /* EmojiArtView+Gestures.swift */; };
		CA7D128B20E38ECA0089869E /* EmojiArt.swift in Sources */ = {isa = PBXBuildFile; fileRef = CA7D128420E38ECA0089869E /* EmojiArt.swift */; };
/* End PBXBuildFile section */

/* Begin PBXFileReference section */
		CA02984020ED1CEB00973285 /* Default-568h@2x.png */ = {isa = PBXFileReference; lastKnownFileType = image.png; path = "Default-568h@2x.png"; sourceTree = "<group>"; };
		CA02984220F0127200973285 /* DocumentInfoViewController.swift */ = {isa = PBXFileReference; lastKnownFileType = sourcecode.swift; path = DocumentInfoViewController.swift; sourceTree = "<group>"; };
		CA7D126420E389290089869E /* EmojiArt.app */ = {isa = PBXFileReference; explicitFileType = wrapper.application; includeInIndex = 0; path = EmojiArt.app; sourceTree = BUILT_PRODUCTS_DIR; };
		CA7D126720E389290089869E /* AppDelegate.swift */ = {isa = PBXFileReference; lastKnownFileType = sourcecode.swift; path = AppDelegate.swift; sourceTree = "<group>"; };
		CA7D126920E389290089869E /* DocumentBrowserViewController.swift */ = {isa = PBXFileReference; lastKnownFileType = sourcecode.swift; path = DocumentBrowserViewController.swift; sourceTree = "<group>"; };
		CA7D126D20E389290089869E /* EmojiArtDocument.swift */ = {isa = PBXFileReference; lastKnownFileType = sourcecode.swift; path = EmojiArtDocument.swift; sourceTree = "<group>"; };
		CA7D127020E389290089869E /* Base */ = {isa = PBXFileReference; lastKnownFileType = file.storyboard; name = Base; path = Base.lproj/Main.storyboard; sourceTree = "<group>"; };
		CA7D127220E3892A0089869E /* Assets.xcassets */ = {isa = PBXFileReference; lastKnownFileType = folder.assetcatalog; path = Assets.xcassets; sourceTree = "<group>"; };
		CA7D127520E3892A0089869E /* Base */ = {isa = PBXFileReference; lastKnownFileType = file.storyboard; name = Base; path = Base.lproj/LaunchScreen.storyboard; sourceTree = "<group>"; };
		CA7D127720E3892A0089869E /* Info.plist */ = {isa = PBXFileReference; lastKnownFileType = text.plist.xml; path = Info.plist; sourceTree = "<group>"; };
		CA7D127E20E38EC90089869E /* EmojiArtView.swift */ = {isa = PBXFileReference; fileEncoding = 4; lastKnownFileType = sourcecode.swift; path = EmojiArtView.swift; sourceTree = "<group>"; };
		CA7D127F20E38EC90089869E /* TextFieldCollectionViewCell.swift */ = {isa = PBXFileReference; fileEncoding = 4; lastKnownFileType = sourcecode.swift; path = TextFieldCollectionViewCell.swift; sourceTree = "<group>"; };
		CA7D128020E38EC90089869E /* Utilities.swift */ = {isa = PBXFileReference; fileEncoding = 4; lastKnownFileType = sourcecode.swift; path = Utilities.swift; sourceTree = "<group>"; };
		CA7D128120E38EC90089869E /* EmojiArtViewController.swift */ = {isa = PBXFileReference; fileEncoding = 4; lastKnownFileType = sourcecode.swift; path = EmojiArtViewController.swift; sourceTree = "<group>"; };
		CA7D128220E38EC90089869E /* EmojiCollectionViewCell.swift */ = {isa = PBXFileReference; fileEncoding = 4; lastKnownFileType = sourcecode.swift; path = EmojiCollectionViewCell.swift; sourceTree = "<group>"; };
		CA7D128320E38EC90089869E /* EmojiArtView+Gestures.swift */ = {isa = PBXFileReference; fileEncoding = 4; lastKnownFileType = sourcecode.swift; path = "EmojiArtView+Gestures.swift"; sourceTree = "<group>"; };
		CA7D128420E38ECA0089869E /* EmojiArt.swift */ = {isa = PBXFileReference; fileEncoding = 4; lastKnownFileType = sourcecode.swift; path = EmojiArt.swift; sourceTree = "<group>"; };
/* End PBXFileReference section */

/* Begin PBXFrameworksBuildPhase section */
		CA7D126120E389290089869E /* Frameworks */ = {
			isa = PBXFrameworksBuildPhase;
			buildActionMask = 2147483647;
			files = (
			);
			runOnlyForDeploymentPostprocessing = 0;
		};
/* End PBXFrameworksBuildPhase section */

/* Begin PBXGroup section */
		CA7D125B20E389290089869E = {
			isa = PBXGroup;
			children = (
				CA02984020ED1CEB00973285 /* Default-568h@2x.png */,
				CA7D126620E389290089869E /* EmojiArt */,
				CA7D126520E389290089869E /* Products */,
			);
			sourceTree = "<group>";
		};
		CA7D126520E389290089869E /* Products */ = {
			isa = PBXGroup;
			children = (
				CA7D126420E389290089869E /* EmojiArt.app */,
			);
			name = Products;
			sourceTree = "<group>";
		};
		CA7D126620E389290089869E /* EmojiArt */ = {
			isa = PBXGroup;
			children = (
				CA7D128420E38ECA0089869E /* EmojiArt.swift */,
				CA7D127E20E38EC90089869E /* EmojiArtView.swift */,
				CA7D128320E38EC90089869E /* EmojiArtView+Gestures.swift */,
				CA7D128120E38EC90089869E /* EmojiArtViewController.swift */,
				CA7D128220E38EC90089869E /* EmojiCollectionViewCell.swift */,
				CA7D127F20E38EC90089869E /* TextFieldCollectionViewCell.swift */,
				CA7D128020E38EC90089869E /* Utilities.swift */,
				CA7D127D20E3896C0089869E /* Supporting Files */,
				CA7D126920E389290089869E /* DocumentBrowserViewController.swift */,
				CA7D126D20E389290089869E /* EmojiArtDocument.swift */,
				CA7D126F20E389290089869E /* Main.storyboard */,
				CA02984220F0127200973285 /* DocumentInfoViewController.swift */,
				CA7D127720E3892A0089869E /* Info.plist */,
			);
			path = EmojiArt;
			sourceTree = "<group>";
		};
		CA7D127D20E3896C0089869E /* Supporting Files */ = {
			isa = PBXGroup;
			children = (
				CA7D126720E389290089869E /* AppDelegate.swift */,
				CA7D127220E3892A0089869E /* Assets.xcassets */,
				CA7D127420E3892A0089869E /* LaunchScreen.storyboard */,
			);
			path = "Supporting Files";
			sourceTree = "<group>";
		};
/* End PBXGroup section */

/* Begin PBXNativeTarget section */
		CA7D126320E389290089869E /* EmojiArt */ = {
			isa = PBXNativeTarget;
			buildConfigurationList = CA7D127A20E3892A0089869E /* Build configuration list for PBXNativeTarget "EmojiArt" */;
			buildPhases = (
				CA7D126020E389290089869E /* Sources */,
				CA7D126120E389290089869E /* Frameworks */,
				CA7D126220E389290089869E /* Resources */,
			);
			buildRules = (
			);
			dependencies = (
			);
			name = EmojiArt;
			productName = EmojiArt;
			productReference = CA7D126420E389290089869E /* EmojiArt.app */;
			productType = "com.apple.product-type.application";
		};
/* End PBXNativeTarget section */

/* Begin PBXProject section */
		CA7D125C20E389290089869E /* Project object */ = {
			isa = PBXProject;
			attributes = {
				LastSwiftUpdateCheck = 0940;
				LastUpgradeCheck = 0940;
				ORGANIZATIONNAME = "Paul Michael Reilly";
				TargetAttributes = {
					CA7D126320E389290089869E = {
						CreatedOnToolsVersion = 9.4.1;
					};
				};
			};
			buildConfigurationList = CA7D125F20E389290089869E /* Build configuration list for PBXProject "EmojiArt" */;
			compatibilityVersion = "Xcode 9.3";
			developmentRegion = en;
			hasScannedForEncodings = 0;
			knownRegions = (
				en,
				Base,
			);
			mainGroup = CA7D125B20E389290089869E;
			productRefGroup = CA7D126520E389290089869E /* Products */;
			projectDirPath = "";
			projectRoot = "";
			targets = (
				CA7D126320E389290089869E /* EmojiArt */,
			);
		};
/* End PBXProject section */

/* Begin PBXResourcesBuildPhase section */
		CA7D126220E389290089869E /* Resources */ = {
			isa = PBXResourcesBuildPhase;
			buildActionMask = 2147483647;
			files = (
				CA7D127620E3892A0089869E /* LaunchScreen.storyboard in Resources */,
				CA02984120ED1CEB00973285 /* Default-568h@2x.png in Resources */,
				CA7D127320E3892A0089869E /* Assets.xcassets in Resources */,
				CA7D127120E389290089869E /* Main.storyboard in Resources */,
			);
			runOnlyForDeploymentPostprocessing = 0;
		};
/* End PBXResourcesBuildPhase section */

/* Begin PBXSourcesBuildPhase section */
		CA7D126020E389290089869E /* Sources */ = {
			isa = PBXSourcesBuildPhase;
			buildActionMask = 2147483647;
			files = (
				CA02984320F0127200973285 /* DocumentInfoViewController.swift in Sources */,
				CA7D128720E38ECA0089869E /* Utilities.swift in Sources */,
				CA7D126E20E389290089869E /* EmojiArtDocument.swift in Sources */,
				CA7D128B20E38ECA0089869E /* EmojiArt.swift in Sources */,
				CA7D128A20E38ECA0089869E /* EmojiArtView+Gestures.swift in Sources */,
				CA7D128820E38ECA0089869E /* EmojiArtViewController.swift in Sources */,
				CA7D128920E38ECA0089869E /* EmojiCollectionViewCell.swift in Sources */,
				CA7D126A20E389290089869E /* DocumentBrowserViewController.swift in Sources */,
				CA7D126820E389290089869E /* AppDelegate.swift in Sources */,
				CA7D128620E38ECA0089869E /* TextFieldCollectionViewCell.swift in Sources */,
				CA7D128520E38ECA0089869E /* EmojiArtView.swift in Sources */,
			);
			runOnlyForDeploymentPostprocessing = 0;
		};
/* End PBXSourcesBuildPhase section */

/* Begin PBXVariantGroup section */
		CA7D126F20E389290089869E /* Main.storyboard */ = {
			isa = PBXVariantGroup;
			children = (
				CA7D127020E389290089869E /* Base */,
			);
			name = Main.storyboard;
			sourceTree = "<group>";
		};
		CA7D127420E3892A0089869E /* LaunchScreen.storyboard */ = {
			isa = PBXVariantGroup;
			children = (
				CA7D127520E3892A0089869E /* Base */,
			);
			name = LaunchScreen.storyboard;
			sourceTree = "<group>";
		};
/* End PBXVariantGroup section */

/* Begin XCBuildConfiguration section */
		CA7D127820E3892A0089869E /* Debug */ = {
			isa = XCBuildConfiguration;
			buildSettings = {
				ALWAYS_SEARCH_USER_PATHS = NO;
				CLANG_ANALYZER_NONNULL = YES;
				CLANG_ANALYZER_NUMBER_OBJECT_CONVERSION = YES_AGGRESSIVE;
				CLANG_CXX_LANGUAGE_STANDARD = "gnu++14";
				CLANG_CXX_LIBRARY = "libc++";
				CLANG_ENABLE_MODULES = YES;
				CLANG_ENABLE_OBJC_ARC = YES;
				CLANG_ENABLE_OBJC_WEAK = YES;
				CLANG_WARN_BLOCK_CAPTURE_AUTORELEASING = YES;
				CLANG_WARN_BOOL_CONVERSION = YES;
				CLANG_WARN_COMMA = YES;
				CLANG_WARN_CONSTANT_CONVERSION = YES;
				CLANG_WARN_DEPRECATED_OBJC_IMPLEMENTATIONS = YES;
				CLANG_WARN_DIRECT_OBJC_ISA_USAGE = YES_ERROR;
				CLANG_WARN_DOCUMENTATION_COMMENTS = YES;
				CLANG_WARN_EMPTY_BODY = YES;
				CLANG_WARN_ENUM_CONVERSION = YES;
				CLANG_WARN_INFINITE_RECURSION = YES;
				CLANG_WARN_INT_CONVERSION = YES;
				CLANG_WARN_NON_LITERAL_NULL_CONVERSION = YES;
				CLANG_WARN_OBJC_IMPLICIT_RETAIN_SELF = YES;
				CLANG_WARN_OBJC_LITERAL_CONVERSION = YES;
				CLANG_WARN_OBJC_ROOT_CLASS = YES_ERROR;
				CLANG_WARN_RANGE_LOOP_ANALYSIS = YES;
				CLANG_WARN_STRICT_PROTOTYPES = YES;
				CLANG_WARN_SUSPICIOUS_MOVE = YES;
				CLANG_WARN_UNGUARDED_AVAILABILITY = YES_AGGRESSIVE;
				CLANG_WARN_UNREACHABLE_CODE = YES;
				CLANG_WARN__DUPLICATE_METHOD_MATCH = YES;
				CODE_SIGN_IDENTITY = "iPhone Developer";
				COPY_PHASE_STRIP = NO;
				DEBUG_INFORMATION_FORMAT = dwarf;
				ENABLE_STRICT_OBJC_MSGSEND = YES;
				ENABLE_TESTABILITY = YES;
				GCC_C_LANGUAGE_STANDARD = gnu11;
				GCC_DYNAMIC_NO_PIC = NO;
				GCC_NO_COMMON_BLOCKS = YES;
				GCC_OPTIMIZATION_LEVEL = 0;
				GCC_PREPROCESSOR_DEFINITIONS = (
					"DEBUG=1",
					"$(inherited)",
				);
				GCC_WARN_64_TO_32_BIT_CONVERSION = YES;
				GCC_WARN_ABOUT_RETURN_TYPE = YES_ERROR;
				GCC_WARN_UNDECLARED_SELECTOR = YES;
				GCC_WARN_UNINITIALIZED_AUTOS = YES_AGGRESSIVE;
				GCC_WARN_UNUSED_FUNCTION = YES;
				GCC_WARN_UNUSED_VARIABLE = YES;
				IPHONEOS_DEPLOYMENT_TARGET = 11.4;
				MTL_ENABLE_DEBUG_INFO = YES;
				ONLY_ACTIVE_ARCH = YES;
				SDKROOT = iphoneos;
				SWIFT_ACTIVE_COMPILATION_CONDITIONS = DEBUG;
				SWIFT_OPTIMIZATION_LEVEL = "-Onone";
			};
			name = Debug;
		};
		CA7D127920E3892A0089869E /* Release */ = {
			isa = XCBuildConfiguration;
			buildSettings = {
				ALWAYS_SEARCH_USER_PATHS = NO;
				CLANG_ANALYZER_NONNULL = YES;
				CLANG_ANALYZER_NUMBER_OBJECT_CONVERSION = YES_AGGRESSIVE;
				CLANG_CXX_LANGUAGE_STANDARD = "gnu++14";
				CLANG_CXX_LIBRARY = "libc++";
				CLANG_ENABLE_MODULES = YES;
				CLANG_ENABLE_OBJC_ARC = YES;
				CLANG_ENABLE_OBJC_WEAK = YES;
				CLANG_WARN_BLOCK_CAPTURE_AUTORELEASING = YES;
				CLANG_WARN_BOOL_CONVERSION = YES;
				CLANG_WARN_COMMA = YES;
				CLANG_WARN_CONSTANT_CONVERSION = YES;
				CLANG_WARN_DEPRECATED_OBJC_IMPLEMENTATIONS = YES;
				CLANG_WARN_DIRECT_OBJC_ISA_USAGE = YES_ERROR;
				CLANG_WARN_DOCUMENTATION_COMMENTS = YES;
				CLANG_WARN_EMPTY_BODY = YES;
				CLANG_WARN_ENUM_CONVERSION = YES;
				CLANG_WARN_INFINITE_RECURSION = YES;
				CLANG_WARN_INT_CONVERSION = YES;
				CLANG_WARN_NON_LITERAL_NULL_CONVERSION = YES;
				CLANG_WARN_OBJC_IMPLICIT_RETAIN_SELF = YES;
				CLANG_WARN_OBJC_LITERAL_CONVERSION = YES;
				CLANG_WARN_OBJC_ROOT_CLASS = YES_ERROR;
				CLANG_WARN_RANGE_LOOP_ANALYSIS = YES;
				CLANG_WARN_STRICT_PROTOTYPES = YES;
				CLANG_WARN_SUSPICIOUS_MOVE = YES;
				CLANG_WARN_UNGUARDED_AVAILABILITY = YES_AGGRESSIVE;
				CLANG_WARN_UNREACHABLE_CODE = YES;
				CLANG_WARN__DUPLICATE_METHOD_MATCH = YES;
				CODE_SIGN_IDENTITY = "iPhone Developer";
				COPY_PHASE_STRIP = NO;
				DEBUG_INFORMATION_FORMAT = "dwarf-with-dsym";
				ENABLE_NS_ASSERTIONS = NO;
				ENABLE_STRICT_OBJC_MSGSEND = YES;
				GCC_C_LANGUAGE_STANDARD = gnu11;
				GCC_NO_COMMON_BLOCKS = YES;
				GCC_WARN_64_TO_32_BIT_CONVERSION = YES;
				GCC_WARN_ABOUT_RETURN_TYPE = YES_ERROR;
				GCC_WARN_UNDECLARED_SELECTOR = YES;
				GCC_WARN_UNINITIALIZED_AUTOS = YES_AGGRESSIVE;
				GCC_WARN_UNUSED_FUNCTION = YES;
				GCC_WARN_UNUSED_VARIABLE = YES;
				IPHONEOS_DEPLOYMENT_TARGET = 11.4;
				MTL_ENABLE_DEBUG_INFO = NO;
				SDKROOT = iphoneos;
				SWIFT_COMPILATION_MODE = wholemodule;
				SWIFT_OPTIMIZATION_LEVEL = "-O";
				VALIDATE_PRODUCT = YES;
			};
			name = Release;
		};
		CA7D127B20E3892A0089869E /* Debug */ = {
			isa = XCBuildConfiguration;
			buildSettings = {
				ASSETCATALOG_COMPILER_APPICON_NAME = AppIcon;
				CODE_SIGN_STYLE = Automatic;
				DEVELOPMENT_TEAM = NYK3FCF3T2;
				INFOPLIST_FILE = EmojiArt/Info.plist;
				LD_RUNPATH_SEARCH_PATHS = (
					"$(inherited)",
					"@executable_path/Frameworks",
				);
				PRODUCT_BUNDLE_IDENTIFIER = "Pajato-Technologies-LLC.EmojiArt";
				PRODUCT_NAME = "$(TARGET_NAME)";
				SWIFT_VERSION = 4.0;
				TARGETED_DEVICE_FAMILY = "1,2";
			};
			name = Debug;
		};
		CA7D127C20E3892A0089869E /* Release */ = {
			isa = XCBuildConfiguration;
			buildSettings = {
				ASSETCATALOG_COMPILER_APPICON_NAME = AppIcon;
				CODE_SIGN_STYLE = Automatic;
				DEVELOPMENT_TEAM = NYK3FCF3T2;
				INFOPLIST_FILE = EmojiArt/Info.plist;
				LD_RUNPATH_SEARCH_PATHS = (
					"$(inherited)",
					"@executable_path/Frameworks",
				);
				PRODUCT_BUNDLE_IDENTIFIER = "Pajato-Technologies-LLC.EmojiArt";
				PRODUCT_NAME = "$(TARGET_NAME)";
				SWIFT_VERSION = 4.0;
				TARGETED_DEVICE_FAMILY = "1,2";
			};
			name = Release;
		};
/* End XCBuildConfiguration section */

/* Begin XCConfigurationList section */
		CA7D125F20E389290089869E /* Build configuration list for PBXProject "EmojiArt" */ = {
			isa = XCConfigurationList;
			buildConfigurations = (
				CA7D127820E3892A0089869E /* Debug */,
				CA7D127920E3892A0089869E /* Release */,
			);
			defaultConfigurationIsVisible = 0;
			defaultConfigurationName = Release;
		};
		CA7D127A20E3892A0089869E /* Build configuration list for PBXNativeTarget "EmojiArt" */ = {
			isa = XCConfigurationList;
			buildConfigurations = (
				CA7D127B20E3892A0089869E /* Debug */,
				CA7D127C20E3892A0089869E /* Release */,
			);
			defaultConfigurationIsVisible = 0;
			defaultConfigurationName = Release;
		};
/* End XCConfigurationList section */
	};
	rootObject = CA7D125C20E389290089869E /* Project object */;
}
